
Microsoft Visual Studio Solution File, Format Version 11.00
# Visual Studio 2010
Project("{FAE04EC0-301F-11D3-BF4B-00C04F79EFBC}") = "Approximately", "Approximately\Approximately.csproj", "{1B58BF26-7E6B-40E5-B22A-2ED602548FDA}"
EndProject
Global
	GlobalSection(SolutionConfigurationPlatforms) = preSolution
		Debug|Any CPU = Debug|Any CPU
		Release|Any CPU = Release|Any CPU
	EndGlobalSection
	GlobalSection(ProjectConfigurationPlatforms) = postSolution
		{1B58BF26-7E6B-40E5-B22A-2ED602548FDA}.Debug|Any CPU.ActiveCfg = Debug|Any CPU
		{1B58BF26-7E6B-40E5-B22A-2ED602548FDA}.Debug|Any CPU.Build.0 = Debug|Any CPU
		{1B58BF26-7E6B-40E5-B22A-2ED602548FDA}.Debug|Any CPU.Deploy.0 = Debug|Any CPU
		{1B58BF26-7E6B-40E5-B22A-2ED602548FDA}.Release|Any CPU.ActiveCfg = Release|Any CPU
		{1B58BF26-7E6B-40E5-B22A-2ED602548FDA}.Release|Any CPU.Build.0 = Release|Any CPU
		{1B58BF26-7E6B-40E5-B22A-2ED602548FDA}.Release|Any CPU.Deploy.0 = Release|Any CPU
	EndGlobalSection
	GlobalSection(SolutionProperties) = preSolution
		HideSolutionNode = FALSE
	EndGlobalSection
EndGlobal
